
Microsoft Visual Studio Solution File, Format Version 12.00
# Visual Studio Version 17
VisualStudioVersion = 17.1.32421.90
MinimumVisualStudioVersion = 10.0.40219.1
Project("{9A19103F-16F7-4668-BE54-9A1E7A4F7556}") = "Exercise1", "Exercise1\Exercise1.csproj", "{4A9BF6B3-276E-4D01-AE3C-CAA089332A19}"
EndProject
Project("{FAE04EC0-301F-11D3-BF4B-00C04F79EFBC}") = "Exercise2", "Exercise2\Exercise2.csproj", "{EC27A837-30A6-4430-B9FD-3842AA19EB91}"
EndProject
Global
	GlobalSection(SolutionConfigurationPlatforms) = preSolution
		Debug|Any CPU = Debug|Any CPU
		Release|Any CPU = Release|Any CPU
	EndGlobalSection
	GlobalSection(ProjectConfigurationPlatforms) = postSolution
		{4A9BF6B3-276E-4D01-AE3C-CAA089332A19}.Debug|Any CPU.ActiveCfg = Debug|Any CPU
		{4A9BF6B3-276E-4D01-AE3C-CAA089332A19}.Debug|Any CPU.Build.0 = Debug|Any CPU
		{4A9BF6B3-276E-4D01-AE3C-CAA089332A19}.Release|Any CPU.ActiveCfg = Release|Any CPU
		{4A9BF6B3-276E-4D01-AE3C-CAA089332A19}.Release|Any CPU.Build.0 = Release|Any CPU
		{EC27A837-30A6-4430-B9FD-3842AA19EB91}.Debug|Any CPU.ActiveCfg = Debug|Any CPU
		{EC27A837-30A6-4430-B9FD-3842AA19EB91}.Debug|Any CPU.Build.0 = Debug|Any CPU
		{EC27A837-30A6-4430-B9FD-3842AA19EB91}.Release|Any CPU.ActiveCfg = Release|Any CPU
		{EC27A837-30A6-4430-B9FD-3842AA19EB91}.Release|Any CPU.Build.0 = Release|Any CPU
	EndGlobalSection
	GlobalSection(SolutionProperties) = preSolution
		HideSolutionNode = FALSE
	EndGlobalSection
	GlobalSection(ExtensibilityGlobals) = postSolution
		SolutionGuid = {FDA5BDC2-6680-4E6A-967F-4A480919422A}
	EndGlobalSection
EndGlobal
